
Microsoft Visual Studio Solution File, Format Version 12.00
# Visual Studio 15
VisualStudioVersion = 15.0.26430.14
MinimumVisualStudioVersion = 10.0.40219.1
Project("{FAE04EC0-301F-11D3-BF4B-00C04F79EFBC}") = "Pager", "Pager\Pager.csproj", "{EE8927ED-759A-474F-9E32-3B8459E2BCF2}"
EndProject
Global
	GlobalSection(SolutionConfigurationPlatforms) = preSolution
		Debug|Any CPU = Debug|Any CPU
		Release|Any CPU = Release|Any CPU
	EndGlobalSection
	GlobalSection(ProjectConfigurationPlatforms) = postSolution
		{EE8927ED-759A-474F-9E32-3B8459E2BCF2}.Debug|Any CPU.ActiveCfg = Debug|Any CPU
		{EE8927ED-759A-474F-9E32-3B8459E2BCF2}.Debug|Any CPU.Build.0 = Debug|Any CPU
		{EE8927ED-759A-474F-9E32-3B8459E2BCF2}.Release|Any CPU.ActiveCfg = Release|Any CPU
		{EE8927ED-759A-474F-9E32-3B8459E2BCF2}.Release|Any CPU.Build.0 = Release|Any CPU
	EndGlobalSection
	GlobalSection(SolutionProperties) = preSolution
		HideSolutionNode = FALSE
	EndGlobalSection
EndGlobal
